
Microsoft Visual Studio Solution File, Format Version 12.00
# Visual Studio Version 17
VisualStudioVersion = 17.1.32228.430
MinimumVisualStudioVersion = 10.0.40219.1
Project("{9A19103F-16F7-4668-BE54-9A1E7A4F7556}") = "Janus.Commons", "Janus.Commons\Janus.Commons.csproj", "{CFF954E6-82E5-4F75-B18D-30D654AB8E5A}"
EndProject
Project("{9A19103F-16F7-4668-BE54-9A1E7A4F7556}") = "Janus.Utils", "Janus.Utils\Janus.Utils.csproj", "{AC83576D-55C0-4664-8A2F-6E792C4F60EB}"
EndProject
Project("{9A19103F-16F7-4668-BE54-9A1E7A4F7556}") = "Janus.Utils.Tests", "Janus.Utils.Tests\Janus.Utils.Tests.csproj", "{E015C759-4FCA-4C32-BCAF-591BB491B5FB}"
EndProject
Project("{9A19103F-16F7-4668-BE54-9A1E7A4F7556}") = "Janus.Commons.Tests", "Janus.Commons.Tests\Janus.Commons.Tests.csproj", "{68714454-3836-4447-9B01-461E72821282}"
EndProject
Project("{9A19103F-16F7-4668-BE54-9A1E7A4F7556}") = "Janus.Communication", "Janus.Communication\Janus.Communication.csproj", "{DFE95EAF-1736-438E-9E36-80BCBD932B4A}"
EndProject
Project("{9A19103F-16F7-4668-BE54-9A1E7A4F7556}") = "Janus.Communication.Tests", "Janus.Communication.Tests\Janus.Communication.Tests.csproj", "{FFC45DEC-597D-4B34-8D05-1FC202E0C056}"
EndProject
Project("{9A19103F-16F7-4668-BE54-9A1E7A4F7556}") = "Janus.Components", "Janus.Components\Janus.Components.csproj", "{1A827D3D-D86F-4CA4-AAC3-935D7540F91E}"
EndProject
Project("{9A19103F-16F7-4668-BE54-9A1E7A4F7556}") = "Janus.Serialization", "Janus.Serialization\Janus.Serialization.csproj", "{17143E02-BA32-44D9-AE2F-E657A7C0E50A}"
EndProject
Project("{9A19103F-16F7-4668-BE54-9A1E7A4F7556}") = "Janus.Serialization.Avro", "Janus.Serialization.Avro\Janus.Serialization.Avro.csproj", "{23BE8A63-9D9E-48FE-8BBF-A592A9F1E776}"
EndProject
Project("{9A19103F-16F7-4668-BE54-9A1E7A4F7556}") = "Janus.Serialization.Bson", "Janus.Serialization.Bson\Janus.Serialization.Bson.csproj", "{8C353511-744B-46BD-80EC-098E7DAEA118}"
EndProject
Project("{9A19103F-16F7-4668-BE54-9A1E7A4F7556}") = "Janus.Serialization.Json", "Janus.Serialization.Json\Janus.Serialization.Json.csproj", "{9532F54C-7B92-4E13-94DC-7F520C7FF47C}"
EndProject
Project("{9A19103F-16F7-4668-BE54-9A1E7A4F7556}") = "Janus.Serialization.Avro.Tests", "Janus.Serialization.Avro.Tests\Janus.Serialization.Avro.Tests.csproj", "{9F758A4B-C234-4EF3-A8F0-5F516E87D1D1}"
EndProject
Project("{9A19103F-16F7-4668-BE54-9A1E7A4F7556}") = "Janus.Serialization.Bson.Tests", "Janus.Serialization.Bson.Tests\Janus.Serialization.Bson.Tests.csproj", "{7D95C04E-E562-400F-B06D-9254F68D2761}"
EndProject
Project("{9A19103F-16F7-4668-BE54-9A1E7A4F7556}") = "Janus.Serialization.Json.Tests", "Janus.Serialization.Json.Tests\Janus.Serialization.Json.Tests.csproj", "{44481E2E-8754-4069-B707-2788585D2361}"
EndProject
Project("{9A19103F-16F7-4668-BE54-9A1E7A4F7556}") = "Janus.Serialization.MongoBson", "Janus.Serialization.MongoBson\Janus.Serialization.MongoBson.csproj", "{2B8D8EC9-8115-4E5D-B572-9524934AFE80}"
EndProject
Project("{9A19103F-16F7-4668-BE54-9A1E7A4F7556}") = "Janus.Serialization.Protobufs", "Janus.Serialization.Protobufs\Janus.Serialization.Protobufs.csproj", "{1722A7C7-6169-409B-AE77-FB21F93CAFAD}"
EndProject
Project("{9A19103F-16F7-4668-BE54-9A1E7A4F7556}") = "Janus.Serialization.MongoBson.Tests", "Janus.Serialization.MongoBson.Tests\Janus.Serialization.MongoBson.Tests.csproj", "{C56A03EA-9AEC-4DC6-9E26-609A0A7AD4A4}"
EndProject
Project("{9A19103F-16F7-4668-BE54-9A1E7A4F7556}") = "Janus.Serialization.Protobufs.Tests", "Janus.Serialization.Protobufs.Tests\Janus.Serialization.Protobufs.Tests.csproj", "{162FD67C-C9DA-4DBE-B4C4-6E1F845BB0C1}"
EndProject
Project("{9A19103F-16F7-4668-BE54-9A1E7A4F7556}") = "Janus.Mediator", "Janus.Mediator\Janus.Mediator.csproj", "{E279797B-F9F0-48E3-B611-2A54D765990F}"
EndProject
Project("{9A19103F-16F7-4668-BE54-9A1E7A4F7556}") = "Janus.Mediator.ConsoleApp", "Janus.Mediator.ConsoleApp\Janus.Mediator.ConsoleApp.csproj", "{6B708C9C-7C50-4C9C-B571-3223D1D29FEB}"
EndProject
Project("{9A19103F-16F7-4668-BE54-9A1E7A4F7556}") = "Janus.Logging", "Janus.Logging\Janus.Logging.csproj", "{C39EFB3C-E433-4D25-878F-DD44FF2A6DFC}"
EndProject
Project("{9A19103F-16F7-4668-BE54-9A1E7A4F7556}") = "Janus.Wrapper.Sqlite", "Janus.Wrapper.Sqlite\Janus.Wrapper.Sqlite.csproj", "{30C7FA5C-7380-4CAD-875F-965ADB0DB1E3}"
EndProject
Project("{9A19103F-16F7-4668-BE54-9A1E7A4F7556}") = "Janus.Wrapper", "Janus.Wrapper\Janus.Wrapper.csproj", "{61E3424E-A9E7-4295-9787-7AC32C9D389B}"
EndProject
Project("{9A19103F-16F7-4668-BE54-9A1E7A4F7556}") = "Janus.Wrapper.Sqlite.ConsoleApp", "Janus.Wrapper.Sqlite.ConsoleApp\Janus.Wrapper.Sqlite.ConsoleApp.csproj", "{E459B513-5615-4244-AEB9-DF34F5B223A9}"
EndProject
Project("{9A19103F-16F7-4668-BE54-9A1E7A4F7556}") = "Janus.Wrapper.Sqlite.Tests", "Janus.Wrapper.Sqlite.Tests\Janus.Wrapper.Sqlite.Tests.csproj", "{803ECC90-3F5C-4621-9942-E166A4ADAF0B}"
EndProject
Project("{9A19103F-16F7-4668-BE54-9A1E7A4F7556}") = "Janus.Mediation", "Janus.Mediation\Janus.Mediation.csproj", "{284D0294-7F19-4DF7-A880-66B10D8410CF}"
EndProject
Project("{9A19103F-16F7-4668-BE54-9A1E7A4F7556}") = "Janus.Mediation.Tests", "Janus.Mediation.Tests\Janus.Mediation.Tests.csproj", "{97928F81-735E-4450-846F-1857BEFDA742}"
EndProject
Global
	GlobalSection(SolutionConfigurationPlatforms) = preSolution
		Debug|Any CPU = Debug|Any CPU
		Release|Any CPU = Release|Any CPU
	EndGlobalSection
	GlobalSection(ProjectConfigurationPlatforms) = postSolution
		{CFF954E6-82E5-4F75-B18D-30D654AB8E5A}.Debug|Any CPU.ActiveCfg = Debug|Any CPU
		{CFF954E6-82E5-4F75-B18D-30D654AB8E5A}.Debug|Any CPU.Build.0 = Debug|Any CPU
		{CFF954E6-82E5-4F75-B18D-30D654AB8E5A}.Release|Any CPU.ActiveCfg = Release|Any CPU
		{CFF954E6-82E5-4F75-B18D-30D654AB8E5A}.Release|Any CPU.Build.0 = Release|Any CPU
		{AC83576D-55C0-4664-8A2F-6E792C4F60EB}.Debug|Any CPU.ActiveCfg = Debug|Any CPU
		{AC83576D-55C0-4664-8A2F-6E792C4F60EB}.Debug|Any CPU.Build.0 = Debug|Any CPU
		{AC83576D-55C0-4664-8A2F-6E792C4F60EB}.Release|Any CPU.ActiveCfg = Release|Any CPU
		{AC83576D-55C0-4664-8A2F-6E792C4F60EB}.Release|Any CPU.Build.0 = Release|Any CPU
		{E015C759-4FCA-4C32-BCAF-591BB491B5FB}.Debug|Any CPU.ActiveCfg = Debug|Any CPU
		{E015C759-4FCA-4C32-BCAF-591BB491B5FB}.Debug|Any CPU.Build.0 = Debug|Any CPU
		{E015C759-4FCA-4C32-BCAF-591BB491B5FB}.Release|Any CPU.ActiveCfg = Release|Any CPU
		{E015C759-4FCA-4C32-BCAF-591BB491B5FB}.Release|Any CPU.Build.0 = Release|Any CPU
		{68714454-3836-4447-9B01-461E72821282}.Debug|Any CPU.ActiveCfg = Debug|Any CPU
		{68714454-3836-4447-9B01-461E72821282}.Debug|Any CPU.Build.0 = Debug|Any CPU
		{68714454-3836-4447-9B01-461E72821282}.Release|Any CPU.ActiveCfg = Release|Any CPU
		{68714454-3836-4447-9B01-461E72821282}.Release|Any CPU.Build.0 = Release|Any CPU
		{DFE95EAF-1736-438E-9E36-80BCBD932B4A}.Debug|Any CPU.ActiveCfg = Debug|Any CPU
		{DFE95EAF-1736-438E-9E36-80BCBD932B4A}.Debug|Any CPU.Build.0 = Debug|Any CPU
		{DFE95EAF-1736-438E-9E36-80BCBD932B4A}.Release|Any CPU.ActiveCfg = Release|Any CPU
		{DFE95EAF-1736-438E-9E36-80BCBD932B4A}.Release|Any CPU.Build.0 = Release|Any CPU
		{FFC45DEC-597D-4B34-8D05-1FC202E0C056}.Debug|Any CPU.ActiveCfg = Debug|Any CPU
		{FFC45DEC-597D-4B34-8D05-1FC202E0C056}.Debug|Any CPU.Build.0 = Debug|Any CPU
		{FFC45DEC-597D-4B34-8D05-1FC202E0C056}.Release|Any CPU.ActiveCfg = Release|Any CPU
		{FFC45DEC-597D-4B34-8D05-1FC202E0C056}.Release|Any CPU.Build.0 = Release|Any CPU
		{1A827D3D-D86F-4CA4-AAC3-935D7540F91E}.Debug|Any CPU.ActiveCfg = Debug|Any CPU
		{1A827D3D-D86F-4CA4-AAC3-935D7540F91E}.Debug|Any CPU.Build.0 = Debug|Any CPU
		{1A827D3D-D86F-4CA4-AAC3-935D7540F91E}.Release|Any CPU.ActiveCfg = Release|Any CPU
		{1A827D3D-D86F-4CA4-AAC3-935D7540F91E}.Release|Any CPU.Build.0 = Release|Any CPU
		{17143E02-BA32-44D9-AE2F-E657A7C0E50A}.Debug|Any CPU.ActiveCfg = Debug|Any CPU
		{17143E02-BA32-44D9-AE2F-E657A7C0E50A}.Debug|Any CPU.Build.0 = Debug|Any CPU
		{17143E02-BA32-44D9-AE2F-E657A7C0E50A}.Release|Any CPU.ActiveCfg = Release|Any CPU
		{17143E02-BA32-44D9-AE2F-E657A7C0E50A}.Release|Any CPU.Build.0 = Release|Any CPU
		{23BE8A63-9D9E-48FE-8BBF-A592A9F1E776}.Debug|Any CPU.ActiveCfg = Debug|Any CPU
		{23BE8A63-9D9E-48FE-8BBF-A592A9F1E776}.Debug|Any CPU.Build.0 = Debug|Any CPU
		{23BE8A63-9D9E-48FE-8BBF-A592A9F1E776}.Release|Any CPU.ActiveCfg = Release|Any CPU
		{23BE8A63-9D9E-48FE-8BBF-A592A9F1E776}.Release|Any CPU.Build.0 = Release|Any CPU
		{8C353511-744B-46BD-80EC-098E7DAEA118}.Debug|Any CPU.ActiveCfg = Debug|Any CPU
		{8C353511-744B-46BD-80EC-098E7DAEA118}.Debug|Any CPU.Build.0 = Debug|Any CPU
		{8C353511-744B-46BD-80EC-098E7DAEA118}.Release|Any CPU.ActiveCfg = Release|Any CPU
		{8C353511-744B-46BD-80EC-098E7DAEA118}.Release|Any CPU.Build.0 = Release|Any CPU
		{9532F54C-7B92-4E13-94DC-7F520C7FF47C}.Debug|Any CPU.ActiveCfg = Debug|Any CPU
		{9532F54C-7B92-4E13-94DC-7F520C7FF47C}.Debug|Any CPU.Build.0 = Debug|Any CPU
		{9532F54C-7B92-4E13-94DC-7F520C7FF47C}.Release|Any CPU.ActiveCfg = Release|Any CPU
		{9532F54C-7B92-4E13-94DC-7F520C7FF47C}.Release|Any CPU.Build.0 = Release|Any CPU
		{9F758A4B-C234-4EF3-A8F0-5F516E87D1D1}.Debug|Any CPU.ActiveCfg = Debug|Any CPU
		{9F758A4B-C234-4EF3-A8F0-5F516E87D1D1}.Debug|Any CPU.Build.0 = Debug|Any CPU
		{9F758A4B-C234-4EF3-A8F0-5F516E87D1D1}.Release|Any CPU.ActiveCfg = Release|Any CPU
		{9F758A4B-C234-4EF3-A8F0-5F516E87D1D1}.Release|Any CPU.Build.0 = Release|Any CPU
		{7D95C04E-E562-400F-B06D-9254F68D2761}.Debug|Any CPU.ActiveCfg = Debug|Any CPU
		{7D95C04E-E562-400F-B06D-9254F68D2761}.Debug|Any CPU.Build.0 = Debug|Any CPU
		{7D95C04E-E562-400F-B06D-9254F68D2761}.Release|Any CPU.ActiveCfg = Release|Any CPU
		{7D95C04E-E562-400F-B06D-9254F68D2761}.Release|Any CPU.Build.0 = Release|Any CPU
		{44481E2E-8754-4069-B707-2788585D2361}.Debug|Any CPU.ActiveCfg = Debug|Any CPU
		{44481E2E-8754-4069-B707-2788585D2361}.Debug|Any CPU.Build.0 = Debug|Any CPU
		{44481E2E-8754-4069-B707-2788585D2361}.Release|Any CPU.ActiveCfg = Release|Any CPU
		{44481E2E-8754-4069-B707-2788585D2361}.Release|Any CPU.Build.0 = Release|Any CPU
		{2B8D8EC9-8115-4E5D-B572-9524934AFE80}.Debug|Any CPU.ActiveCfg = Debug|Any CPU
		{2B8D8EC9-8115-4E5D-B572-9524934AFE80}.Debug|Any CPU.Build.0 = Debug|Any CPU
		{2B8D8EC9-8115-4E5D-B572-9524934AFE80}.Release|Any CPU.ActiveCfg = Release|Any CPU
		{2B8D8EC9-8115-4E5D-B572-9524934AFE80}.Release|Any CPU.Build.0 = Release|Any CPU
		{1722A7C7-6169-409B-AE77-FB21F93CAFAD}.Debug|Any CPU.ActiveCfg = Debug|Any CPU
		{1722A7C7-6169-409B-AE77-FB21F93CAFAD}.Debug|Any CPU.Build.0 = Debug|Any CPU
		{1722A7C7-6169-409B-AE77-FB21F93CAFAD}.Release|Any CPU.ActiveCfg = Release|Any CPU
		{1722A7C7-6169-409B-AE77-FB21F93CAFAD}.Release|Any CPU.Build.0 = Release|Any CPU
		{C56A03EA-9AEC-4DC6-9E26-609A0A7AD4A4}.Debug|Any CPU.ActiveCfg = Debug|Any CPU
		{C56A03EA-9AEC-4DC6-9E26-609A0A7AD4A4}.Debug|Any CPU.Build.0 = Debug|Any CPU
		{C56A03EA-9AEC-4DC6-9E26-609A0A7AD4A4}.Release|Any CPU.ActiveCfg = Release|Any CPU
		{C56A03EA-9AEC-4DC6-9E26-609A0A7AD4A4}.Release|Any CPU.Build.0 = Release|Any CPU
		{162FD67C-C9DA-4DBE-B4C4-6E1F845BB0C1}.Debug|Any CPU.ActiveCfg = Debug|Any CPU
		{162FD67C-C9DA-4DBE-B4C4-6E1F845BB0C1}.Debug|Any CPU.Build.0 = Debug|Any CPU
		{162FD67C-C9DA-4DBE-B4C4-6E1F845BB0C1}.Release|Any CPU.ActiveCfg = Release|Any CPU
		{162FD67C-C9DA-4DBE-B4C4-6E1F845BB0C1}.Release|Any CPU.Build.0 = Release|Any CPU
		{E279797B-F9F0-48E3-B611-2A54D765990F}.Debug|Any CPU.ActiveCfg = Debug|Any CPU
		{E279797B-F9F0-48E3-B611-2A54D765990F}.Debug|Any CPU.Build.0 = Debug|Any CPU
		{E279797B-F9F0-48E3-B611-2A54D765990F}.Release|Any CPU.ActiveCfg = Release|Any CPU
		{E279797B-F9F0-48E3-B611-2A54D765990F}.Release|Any CPU.Build.0 = Release|Any CPU
		{6B708C9C-7C50-4C9C-B571-3223D1D29FEB}.Debug|Any CPU.ActiveCfg = Debug|Any CPU
		{6B708C9C-7C50-4C9C-B571-3223D1D29FEB}.Debug|Any CPU.Build.0 = Debug|Any CPU
		{6B708C9C-7C50-4C9C-B571-3223D1D29FEB}.Release|Any CPU.ActiveCfg = Release|Any CPU
		{6B708C9C-7C50-4C9C-B571-3223D1D29FEB}.Release|Any CPU.Build.0 = Release|Any CPU
		{C39EFB3C-E433-4D25-878F-DD44FF2A6DFC}.Debug|Any CPU.ActiveCfg = Debug|Any CPU
		{C39EFB3C-E433-4D25-878F-DD44FF2A6DFC}.Debug|Any CPU.Build.0 = Debug|Any CPU
		{C39EFB3C-E433-4D25-878F-DD44FF2A6DFC}.Release|Any CPU.ActiveCfg = Release|Any CPU
		{C39EFB3C-E433-4D25-878F-DD44FF2A6DFC}.Release|Any CPU.Build.0 = Release|Any CPU
		{30C7FA5C-7380-4CAD-875F-965ADB0DB1E3}.Debug|Any CPU.ActiveCfg = Debug|Any CPU
		{30C7FA5C-7380-4CAD-875F-965ADB0DB1E3}.Debug|Any CPU.Build.0 = Debug|Any CPU
		{30C7FA5C-7380-4CAD-875F-965ADB0DB1E3}.Release|Any CPU.ActiveCfg = Release|Any CPU
		{30C7FA5C-7380-4CAD-875F-965ADB0DB1E3}.Release|Any CPU.Build.0 = Release|Any CPU
		{61E3424E-A9E7-4295-9787-7AC32C9D389B}.Debug|Any CPU.ActiveCfg = Debug|Any CPU
		{61E3424E-A9E7-4295-9787-7AC32C9D389B}.Debug|Any CPU.Build.0 = Debug|Any CPU
		{61E3424E-A9E7-4295-9787-7AC32C9D389B}.Release|Any CPU.ActiveCfg = Release|Any CPU
		{61E3424E-A9E7-4295-9787-7AC32C9D389B}.Release|Any CPU.Build.0 = Release|Any CPU
		{E459B513-5615-4244-AEB9-DF34F5B223A9}.Debug|Any CPU.ActiveCfg = Debug|Any CPU
		{E459B513-5615-4244-AEB9-DF34F5B223A9}.Debug|Any CPU.Build.0 = Debug|Any CPU
		{E459B513-5615-4244-AEB9-DF34F5B223A9}.Release|Any CPU.ActiveCfg = Release|Any CPU
		{E459B513-5615-4244-AEB9-DF34F5B223A9}.Release|Any CPU.Build.0 = Release|Any CPU
		{803ECC90-3F5C-4621-9942-E166A4ADAF0B}.Debug|Any CPU.ActiveCfg = Debug|Any CPU
		{803ECC90-3F5C-4621-9942-E166A4ADAF0B}.Debug|Any CPU.Build.0 = Debug|Any CPU
		{803ECC90-3F5C-4621-9942-E166A4ADAF0B}.Release|Any CPU.ActiveCfg = Release|Any CPU
		{803ECC90-3F5C-4621-9942-E166A4ADAF0B}.Release|Any CPU.Build.0 = Release|Any CPU
		{284D0294-7F19-4DF7-A880-66B10D8410CF}.Debug|Any CPU.ActiveCfg = Debug|Any CPU
		{284D0294-7F19-4DF7-A880-66B10D8410CF}.Debug|Any CPU.Build.0 = Debug|Any CPU
		{284D0294-7F19-4DF7-A880-66B10D8410CF}.Release|Any CPU.ActiveCfg = Release|Any CPU
		{284D0294-7F19-4DF7-A880-66B10D8410CF}.Release|Any CPU.Build.0 = Release|Any CPU
		{97928F81-735E-4450-846F-1857BEFDA742}.Debug|Any CPU.ActiveCfg = Debug|Any CPU
		{97928F81-735E-4450-846F-1857BEFDA742}.Debug|Any CPU.Build.0 = Debug|Any CPU
		{97928F81-735E-4450-846F-1857BEFDA742}.Release|Any CPU.ActiveCfg = Release|Any CPU
		{97928F81-735E-4450-846F-1857BEFDA742}.Release|Any CPU.Build.0 = Release|Any CPU
	EndGlobalSection
	GlobalSection(SolutionProperties) = preSolution
		HideSolutionNode = FALSE
	EndGlobalSection
	GlobalSection(ExtensibilityGlobals) = postSolution
		SolutionGuid = {7D8A6CAB-BE65-45AE-8FFC-D5412FC855EB}
	EndGlobalSection
EndGlobal
