
Microsoft Visual Studio Solution File, Format Version 12.00
# Visual Studio Version 17
VisualStudioVersion = 17.1.32228.430
MinimumVisualStudioVersion = 10.0.40219.1
Project("{9A19103F-16F7-4668-BE54-9A1E7A4F7556}") = "Janus.Commons", "Janus.Commons\Janus.Commons.csproj", "{CFF954E6-82E5-4F75-B18D-30D654AB8E5A}"
EndProject
Project("{9A19103F-16F7-4668-BE54-9A1E7A4F7556}") = "Janus.Utils", "Janus.Utils\Janus.Utils.csproj", "{AC83576D-55C0-4664-8A2F-6E792C4F60EB}"
EndProject
Project("{9A19103F-16F7-4668-BE54-9A1E7A4F7556}") = "Janus.Utils.Tests", "Janus.Utils.Tests\Janus.Utils.Tests.csproj", "{E015C759-4FCA-4C32-BCAF-591BB491B5FB}"
EndProject
Project("{9A19103F-16F7-4668-BE54-9A1E7A4F7556}") = "Janus.Commons.Tests", "Janus.Commons.Tests\Janus.Commons.Tests.csproj", "{68714454-3836-4447-9B01-461E72821282}"
EndProject
Project("{9A19103F-16F7-4668-BE54-9A1E7A4F7556}") = "Janus.Communication", "Janus.Communication\Janus.Communication.csproj", "{DFE95EAF-1736-438E-9E36-80BCBD932B4A}"
EndProject
Project("{9A19103F-16F7-4668-BE54-9A1E7A4F7556}") = "Janus.Communication.Tests", "Janus.Communication.Tests\Janus.Communication.Tests.csproj", "{FFC45DEC-597D-4B34-8D05-1FC202E0C056}"
EndProject
Project("{9A19103F-16F7-4668-BE54-9A1E7A4F7556}") = "Janus.Components", "Janus.Components\Janus.Components.csproj", "{1A827D3D-D86F-4CA4-AAC3-935D7540F91E}"
EndProject
Project("{9A19103F-16F7-4668-BE54-9A1E7A4F7556}") = "Janus.Serialization", "Janus.Serialization\Janus.Serialization.csproj", "{17143E02-BA32-44D9-AE2F-E657A7C0E50A}"
EndProject
Project("{9A19103F-16F7-4668-BE54-9A1E7A4F7556}") = "Janus.Serialization.Avro", "Janus.Serialization.Avro\Janus.Serialization.Avro.csproj", "{23BE8A63-9D9E-48FE-8BBF-A592A9F1E776}"
EndProject
Project("{9A19103F-16F7-4668-BE54-9A1E7A4F7556}") = "Janus.Serialization.Bson", "Janus.Serialization.Bson\Janus.Serialization.Bson.csproj", "{8C353511-744B-46BD-80EC-098E7DAEA118}"
EndProject
Project("{9A19103F-16F7-4668-BE54-9A1E7A4F7556}") = "Janus.Serialization.Json", "Janus.Serialization.Json\Janus.Serialization.Json.csproj", "{9532F54C-7B92-4E13-94DC-7F520C7FF47C}"
EndProject
Project("{9A19103F-16F7-4668-BE54-9A1E7A4F7556}") = "Janus.Serialization.Avro.Tests", "Janus.Serialization.Avro.Tests\Janus.Serialization.Avro.Tests.csproj", "{9F758A4B-C234-4EF3-A8F0-5F516E87D1D1}"
EndProject
Project("{9A19103F-16F7-4668-BE54-9A1E7A4F7556}") = "Janus.Serialization.Bson.Tests", "Janus.Serialization.Bson.Tests\Janus.Serialization.Bson.Tests.csproj", "{7D95C04E-E562-400F-B06D-9254F68D2761}"
EndProject
Project("{9A19103F-16F7-4668-BE54-9A1E7A4F7556}") = "Janus.Serialization.Json.Tests", "Janus.Serialization.Json.Tests\Janus.Serialization.Json.Tests.csproj", "{44481E2E-8754-4069-B707-2788585D2361}"
EndProject
Project("{9A19103F-16F7-4668-BE54-9A1E7A4F7556}") = "Janus.Serialization.MongoBson", "Janus.Serialization.MongoBson\Janus.Serialization.MongoBson.csproj", "{2B8D8EC9-8115-4E5D-B572-9524934AFE80}"
EndProject
Project("{9A19103F-16F7-4668-BE54-9A1E7A4F7556}") = "Janus.Serialization.Protobufs", "Janus.Serialization.Protobufs\Janus.Serialization.Protobufs.csproj", "{1722A7C7-6169-409B-AE77-FB21F93CAFAD}"
EndProject
Project("{9A19103F-16F7-4668-BE54-9A1E7A4F7556}") = "Janus.Serialization.MongoBson.Tests", "Janus.Serialization.MongoBson.Tests\Janus.Serialization.MongoBson.Tests.csproj", "{C56A03EA-9AEC-4DC6-9E26-609A0A7AD4A4}"
EndProject
Project("{9A19103F-16F7-4668-BE54-9A1E7A4F7556}") = "Janus.Serialization.Protobufs.Tests", "Janus.Serialization.Protobufs.Tests\Janus.Serialization.Protobufs.Tests.csproj", "{162FD67C-C9DA-4DBE-B4C4-6E1F845BB0C1}"
EndProject
Project("{9A19103F-16F7-4668-BE54-9A1E7A4F7556}") = "Janus.Mediator", "Janus.Mediator\Janus.Mediator.csproj", "{E279797B-F9F0-48E3-B611-2A54D765990F}"
EndProject
Project("{9A19103F-16F7-4668-BE54-9A1E7A4F7556}") = "Janus.Logging", "Janus.Logging\Janus.Logging.csproj", "{C39EFB3C-E433-4D25-878F-DD44FF2A6DFC}"
EndProject
Project("{9A19103F-16F7-4668-BE54-9A1E7A4F7556}") = "Janus.Wrapper.Sqlite", "Janus.Wrapper.Sqlite\Janus.Wrapper.Sqlite.csproj", "{30C7FA5C-7380-4CAD-875F-965ADB0DB1E3}"
EndProject
Project("{9A19103F-16F7-4668-BE54-9A1E7A4F7556}") = "Janus.Wrapper", "Janus.Wrapper\Janus.Wrapper.csproj", "{61E3424E-A9E7-4295-9787-7AC32C9D389B}"
EndProject
Project("{9A19103F-16F7-4668-BE54-9A1E7A4F7556}") = "Janus.Wrapper.Sqlite.Tests", "Janus.Wrapper.Sqlite.Tests\Janus.Wrapper.Sqlite.Tests.csproj", "{803ECC90-3F5C-4621-9942-E166A4ADAF0B}"
EndProject
Project("{9A19103F-16F7-4668-BE54-9A1E7A4F7556}") = "Janus.Mediation", "Janus.Mediation\Janus.Mediation.csproj", "{284D0294-7F19-4DF7-A880-66B10D8410CF}"
EndProject
Project("{9A19103F-16F7-4668-BE54-9A1E7A4F7556}") = "Janus.Mediation.Tests", "Janus.Mediation.Tests\Janus.Mediation.Tests.csproj", "{97928F81-735E-4450-846F-1857BEFDA742}"
EndProject
Project("{9A19103F-16F7-4668-BE54-9A1E7A4F7556}") = "Janus.QueryLanguage", "Janus.QueryLanguage\Janus.QueryLanguage.csproj", "{120568E0-2FEF-422B-91B3-F1C8257307EB}"
EndProject
Project("{9A19103F-16F7-4668-BE54-9A1E7A4F7556}") = "Janus.QueryLanguage.Tests", "Janus.QueryLanguage.Tests\Janus.QueryLanguage.Tests.csproj", "{B9EFFB25-884A-4A42-91B7-E25E974C021F}"
EndProject
Project("{9A19103F-16F7-4668-BE54-9A1E7A4F7556}") = "Janus.CommandLanguage", "Janus.CommandLanguage\Janus.CommandLanguage.csproj", "{C6693B6B-F0B4-45F3-BF56-50F63258E291}"
EndProject
Project("{9A19103F-16F7-4668-BE54-9A1E7A4F7556}") = "Janus.CommandLanguage.Tests", "Janus.CommandLanguage.Tests\Janus.CommandLanguage.Tests.csproj", "{27F83AA0-DA1D-4C5C-8921-4E8493620F1C}"
EndProject
Project("{9A19103F-16F7-4668-BE54-9A1E7A4F7556}") = "Janus.MediationLanguage", "Janus.MediationLanguage\Janus.MediationLanguage.csproj", "{FED63134-DDC7-409B-93A4-FB71449FA25E}"
EndProject
Project("{9A19103F-16F7-4668-BE54-9A1E7A4F7556}") = "Janus.MediationLanguage.Tests", "Janus.MediationLanguage.Tests\Janus.MediationLanguage.Tests.csproj", "{563B5750-DBF0-46D1-82BB-EB8E75963CA9}"
EndProject
Project("{9A19103F-16F7-4668-BE54-9A1E7A4F7556}") = "Janus.Wrapper.Sqlite.WebApp", "Janus.Wrapper.Sqlite.WebApp\Janus.Wrapper.Sqlite.WebApp.csproj", "{F5C40E6A-6816-4D57-84E4-495984B4E9A6}"
EndProject
Project("{9A19103F-16F7-4668-BE54-9A1E7A4F7556}") = "Janus.Mediator.WebApp", "Janus.Mediator.WebApp\Janus.Mediator.WebApp.csproj", "{5D5571B9-FCB5-4A28-97BE-A3E4266FFDC1}"
EndProject
Project("{9A19103F-16F7-4668-BE54-9A1E7A4F7556}") = "Janus.Mediator.Persistence.LiteDB", "Janus.Mediator.Persistence.LiteDB\Janus.Mediator.Persistence.LiteDB.csproj", "{5737503A-8106-44D9-8BF5-641371CBEBE9}"
EndProject
Project("{9A19103F-16F7-4668-BE54-9A1E7A4F7556}") = "Janus.Wrapper.Persistence.LiteDB", "Janus.Wrapper.Persistence.LiteDB\Janus.Wrapper.Persistence.LiteDB.csproj", "{981E39BF-2DBF-4B2B-A51C-D3077D08610F}"
EndProject
Project("{9A19103F-16F7-4668-BE54-9A1E7A4F7556}") = "Janus.Components.IntegrationTests", "Janus.Components.IntegrationTests\Janus.Components.IntegrationTests.csproj", "{AB261E10-10C3-4A9C-BFD1-11EA8A963935}"
EndProject
Project("{9A19103F-16F7-4668-BE54-9A1E7A4F7556}") = "Janus.Mask", "Janus.Mask\Janus.Mask.csproj", "{C19CB974-8778-428E-832F-BF08ABB96BDD}"
EndProject
Project("{9A19103F-16F7-4668-BE54-9A1E7A4F7556}") = "Janus.Mask.WebApi", "Janus.Mask.WebApi\Janus.Mask.WebApi.csproj", "{55494657-E3E2-456D-A145-45E1CCC20750}"
EndProject
Project("{9A19103F-16F7-4668-BE54-9A1E7A4F7556}") = "Janus.Mask.WebApi.WebApp", "Janus.Mask.WebApi.WebApp\Janus.Mask.WebApi.WebApp.csproj", "{D4378AD0-F38E-4D59-BFEF-470E7DD68703}"
EndProject
Project("{9A19103F-16F7-4668-BE54-9A1E7A4F7556}") = "Janus.Mask.Persistence.LiteDB", "Janus.Mask.Persistence.LiteDB\Janus.Mask.Persistence.LiteDB.csproj", "{0BF83B3F-A284-40D3-88DC-87031755B185}"
EndProject
Project("{9A19103F-16F7-4668-BE54-9A1E7A4F7556}") = "Janus.Lenses", "Janus.Lenses\Janus.Lenses.csproj", "{BD0A75BB-8D06-4D39-9470-6A21B908BA1D}"
EndProject
Project("{9A19103F-16F7-4668-BE54-9A1E7A4F7556}") = "Janus.Lenses.Tests", "Janus.Lenses.Tests\Janus.Lenses.Tests.csproj", "{351022FE-4B43-4531-8825-4C7FCB3DF78E}"
EndProject
Project("{9A19103F-16F7-4668-BE54-9A1E7A4F7556}") = "Janus.Mask.LiteDB", "Janus.Mask.LiteDB\Janus.Mask.LiteDB.csproj", "{1E6E4600-78E7-4688-AD38-B12FCFDC59F4}"
EndProject
Project("{9A19103F-16F7-4668-BE54-9A1E7A4F7556}") = "Janus.Mask.LiteDB.WebApp", "Janus.Mask.LiteDB.WebApp\Janus.Mask.LiteDB.WebApp.csproj", "{4021C903-B26A-4E31-9406-04EF089C8C92}"
EndProject
Project("{9A19103F-16F7-4668-BE54-9A1E7A4F7556}") = "Janus.Base", "Janus.Base\Janus.Base.csproj", "{19E8B5AB-7105-4CA3-82B3-1810F77419DD}"
EndProject
Project("{9A19103F-16F7-4668-BE54-9A1E7A4F7556}") = "Janus.Base.Tests", "Janus.Base.Tests\Janus.Base.Tests.csproj", "{8BE4AC8A-F84C-4BEB-8B8A-89B8B92F99FF}"
EndProject
Project("{9A19103F-16F7-4668-BE54-9A1E7A4F7556}") = "Janus.Mask.Sqlite", "Janus.Mask.Sqlite\Janus.Mask.Sqlite.csproj", "{921ED67F-26E7-4260-A621-5B8929AA8593}"
EndProject
Project("{FAE04EC0-301F-11D3-BF4B-00C04F79EFBC}") = "Janus.Mask.Sqlite.WebApp", "Janus.Mask.Sqlite.WebApp\Janus.Mask.Sqlite.WebApp.csproj", "{2A5C4C1C-AFBE-44CB-93BC-7DE4DBDA378B}"
EndProject
Global
	GlobalSection(SolutionConfigurationPlatforms) = preSolution
		Debug|Any CPU = Debug|Any CPU
		Release|Any CPU = Release|Any CPU
	EndGlobalSection
	GlobalSection(ProjectConfigurationPlatforms) = postSolution
		{CFF954E6-82E5-4F75-B18D-30D654AB8E5A}.Debug|Any CPU.ActiveCfg = Debug|Any CPU
		{CFF954E6-82E5-4F75-B18D-30D654AB8E5A}.Debug|Any CPU.Build.0 = Debug|Any CPU
		{CFF954E6-82E5-4F75-B18D-30D654AB8E5A}.Release|Any CPU.ActiveCfg = Release|Any CPU
		{CFF954E6-82E5-4F75-B18D-30D654AB8E5A}.Release|Any CPU.Build.0 = Release|Any CPU
		{AC83576D-55C0-4664-8A2F-6E792C4F60EB}.Debug|Any CPU.ActiveCfg = Debug|Any CPU
		{AC83576D-55C0-4664-8A2F-6E792C4F60EB}.Debug|Any CPU.Build.0 = Debug|Any CPU
		{AC83576D-55C0-4664-8A2F-6E792C4F60EB}.Release|Any CPU.ActiveCfg = Release|Any CPU
		{AC83576D-55C0-4664-8A2F-6E792C4F60EB}.Release|Any CPU.Build.0 = Release|Any CPU
		{E015C759-4FCA-4C32-BCAF-591BB491B5FB}.Debug|Any CPU.ActiveCfg = Debug|Any CPU
		{E015C759-4FCA-4C32-BCAF-591BB491B5FB}.Debug|Any CPU.Build.0 = Debug|Any CPU
		{E015C759-4FCA-4C32-BCAF-591BB491B5FB}.Release|Any CPU.ActiveCfg = Release|Any CPU
		{E015C759-4FCA-4C32-BCAF-591BB491B5FB}.Release|Any CPU.Build.0 = Release|Any CPU
		{68714454-3836-4447-9B01-461E72821282}.Debug|Any CPU.ActiveCfg = Debug|Any CPU
		{68714454-3836-4447-9B01-461E72821282}.Debug|Any CPU.Build.0 = Debug|Any CPU
		{68714454-3836-4447-9B01-461E72821282}.Release|Any CPU.ActiveCfg = Release|Any CPU
		{68714454-3836-4447-9B01-461E72821282}.Release|Any CPU.Build.0 = Release|Any CPU
		{DFE95EAF-1736-438E-9E36-80BCBD932B4A}.Debug|Any CPU.ActiveCfg = Debug|Any CPU
		{DFE95EAF-1736-438E-9E36-80BCBD932B4A}.Debug|Any CPU.Build.0 = Debug|Any CPU
		{DFE95EAF-1736-438E-9E36-80BCBD932B4A}.Release|Any CPU.ActiveCfg = Release|Any CPU
		{DFE95EAF-1736-438E-9E36-80BCBD932B4A}.Release|Any CPU.Build.0 = Release|Any CPU
		{FFC45DEC-597D-4B34-8D05-1FC202E0C056}.Debug|Any CPU.ActiveCfg = Debug|Any CPU
		{FFC45DEC-597D-4B34-8D05-1FC202E0C056}.Debug|Any CPU.Build.0 = Debug|Any CPU
		{FFC45DEC-597D-4B34-8D05-1FC202E0C056}.Release|Any CPU.ActiveCfg = Release|Any CPU
		{FFC45DEC-597D-4B34-8D05-1FC202E0C056}.Release|Any CPU.Build.0 = Release|Any CPU
		{1A827D3D-D86F-4CA4-AAC3-935D7540F91E}.Debug|Any CPU.ActiveCfg = Debug|Any CPU
		{1A827D3D-D86F-4CA4-AAC3-935D7540F91E}.Debug|Any CPU.Build.0 = Debug|Any CPU
		{1A827D3D-D86F-4CA4-AAC3-935D7540F91E}.Release|Any CPU.ActiveCfg = Release|Any CPU
		{1A827D3D-D86F-4CA4-AAC3-935D7540F91E}.Release|Any CPU.Build.0 = Release|Any CPU
		{17143E02-BA32-44D9-AE2F-E657A7C0E50A}.Debug|Any CPU.ActiveCfg = Debug|Any CPU
		{17143E02-BA32-44D9-AE2F-E657A7C0E50A}.Debug|Any CPU.Build.0 = Debug|Any CPU
		{17143E02-BA32-44D9-AE2F-E657A7C0E50A}.Release|Any CPU.ActiveCfg = Release|Any CPU
		{17143E02-BA32-44D9-AE2F-E657A7C0E50A}.Release|Any CPU.Build.0 = Release|Any CPU
		{23BE8A63-9D9E-48FE-8BBF-A592A9F1E776}.Debug|Any CPU.ActiveCfg = Debug|Any CPU
		{23BE8A63-9D9E-48FE-8BBF-A592A9F1E776}.Debug|Any CPU.Build.0 = Debug|Any CPU
		{23BE8A63-9D9E-48FE-8BBF-A592A9F1E776}.Release|Any CPU.ActiveCfg = Release|Any CPU
		{23BE8A63-9D9E-48FE-8BBF-A592A9F1E776}.Release|Any CPU.Build.0 = Release|Any CPU
		{8C353511-744B-46BD-80EC-098E7DAEA118}.Debug|Any CPU.ActiveCfg = Debug|Any CPU
		{8C353511-744B-46BD-80EC-098E7DAEA118}.Debug|Any CPU.Build.0 = Debug|Any CPU
		{8C353511-744B-46BD-80EC-098E7DAEA118}.Release|Any CPU.ActiveCfg = Release|Any CPU
		{8C353511-744B-46BD-80EC-098E7DAEA118}.Release|Any CPU.Build.0 = Release|Any CPU
		{9532F54C-7B92-4E13-94DC-7F520C7FF47C}.Debug|Any CPU.ActiveCfg = Debug|Any CPU
		{9532F54C-7B92-4E13-94DC-7F520C7FF47C}.Debug|Any CPU.Build.0 = Debug|Any CPU
		{9532F54C-7B92-4E13-94DC-7F520C7FF47C}.Release|Any CPU.ActiveCfg = Release|Any CPU
		{9532F54C-7B92-4E13-94DC-7F520C7FF47C}.Release|Any CPU.Build.0 = Release|Any CPU
		{9F758A4B-C234-4EF3-A8F0-5F516E87D1D1}.Debug|Any CPU.ActiveCfg = Debug|Any CPU
		{9F758A4B-C234-4EF3-A8F0-5F516E87D1D1}.Debug|Any CPU.Build.0 = Debug|Any CPU
		{9F758A4B-C234-4EF3-A8F0-5F516E87D1D1}.Release|Any CPU.ActiveCfg = Release|Any CPU
		{9F758A4B-C234-4EF3-A8F0-5F516E87D1D1}.Release|Any CPU.Build.0 = Release|Any CPU
		{7D95C04E-E562-400F-B06D-9254F68D2761}.Debug|Any CPU.ActiveCfg = Debug|Any CPU
		{7D95C04E-E562-400F-B06D-9254F68D2761}.Debug|Any CPU.Build.0 = Debug|Any CPU
		{7D95C04E-E562-400F-B06D-9254F68D2761}.Release|Any CPU.ActiveCfg = Release|Any CPU
		{7D95C04E-E562-400F-B06D-9254F68D2761}.Release|Any CPU.Build.0 = Release|Any CPU
		{44481E2E-8754-4069-B707-2788585D2361}.Debug|Any CPU.ActiveCfg = Debug|Any CPU
		{44481E2E-8754-4069-B707-2788585D2361}.Debug|Any CPU.Build.0 = Debug|Any CPU
		{44481E2E-8754-4069-B707-2788585D2361}.Release|Any CPU.ActiveCfg = Release|Any CPU
		{44481E2E-8754-4069-B707-2788585D2361}.Release|Any CPU.Build.0 = Release|Any CPU
		{2B8D8EC9-8115-4E5D-B572-9524934AFE80}.Debug|Any CPU.ActiveCfg = Debug|Any CPU
		{2B8D8EC9-8115-4E5D-B572-9524934AFE80}.Debug|Any CPU.Build.0 = Debug|Any CPU
		{2B8D8EC9-8115-4E5D-B572-9524934AFE80}.Release|Any CPU.ActiveCfg = Release|Any CPU
		{2B8D8EC9-8115-4E5D-B572-9524934AFE80}.Release|Any CPU.Build.0 = Release|Any CPU
		{1722A7C7-6169-409B-AE77-FB21F93CAFAD}.Debug|Any CPU.ActiveCfg = Debug|Any CPU
		{1722A7C7-6169-409B-AE77-FB21F93CAFAD}.Debug|Any CPU.Build.0 = Debug|Any CPU
		{1722A7C7-6169-409B-AE77-FB21F93CAFAD}.Release|Any CPU.ActiveCfg = Release|Any CPU
		{1722A7C7-6169-409B-AE77-FB21F93CAFAD}.Release|Any CPU.Build.0 = Release|Any CPU
		{C56A03EA-9AEC-4DC6-9E26-609A0A7AD4A4}.Debug|Any CPU.ActiveCfg = Debug|Any CPU
		{C56A03EA-9AEC-4DC6-9E26-609A0A7AD4A4}.Debug|Any CPU.Build.0 = Debug|Any CPU
		{C56A03EA-9AEC-4DC6-9E26-609A0A7AD4A4}.Release|Any CPU.ActiveCfg = Release|Any CPU
		{C56A03EA-9AEC-4DC6-9E26-609A0A7AD4A4}.Release|Any CPU.Build.0 = Release|Any CPU
		{162FD67C-C9DA-4DBE-B4C4-6E1F845BB0C1}.Debug|Any CPU.ActiveCfg = Debug|Any CPU
		{162FD67C-C9DA-4DBE-B4C4-6E1F845BB0C1}.Debug|Any CPU.Build.0 = Debug|Any CPU
		{162FD67C-C9DA-4DBE-B4C4-6E1F845BB0C1}.Release|Any CPU.ActiveCfg = Release|Any CPU
		{162FD67C-C9DA-4DBE-B4C4-6E1F845BB0C1}.Release|Any CPU.Build.0 = Release|Any CPU
		{E279797B-F9F0-48E3-B611-2A54D765990F}.Debug|Any CPU.ActiveCfg = Debug|Any CPU
		{E279797B-F9F0-48E3-B611-2A54D765990F}.Debug|Any CPU.Build.0 = Debug|Any CPU
		{E279797B-F9F0-48E3-B611-2A54D765990F}.Release|Any CPU.ActiveCfg = Release|Any CPU
		{E279797B-F9F0-48E3-B611-2A54D765990F}.Release|Any CPU.Build.0 = Release|Any CPU
		{C39EFB3C-E433-4D25-878F-DD44FF2A6DFC}.Debug|Any CPU.ActiveCfg = Debug|Any CPU
		{C39EFB3C-E433-4D25-878F-DD44FF2A6DFC}.Debug|Any CPU.Build.0 = Debug|Any CPU
		{C39EFB3C-E433-4D25-878F-DD44FF2A6DFC}.Release|Any CPU.ActiveCfg = Release|Any CPU
		{C39EFB3C-E433-4D25-878F-DD44FF2A6DFC}.Release|Any CPU.Build.0 = Release|Any CPU
		{30C7FA5C-7380-4CAD-875F-965ADB0DB1E3}.Debug|Any CPU.ActiveCfg = Debug|Any CPU
		{30C7FA5C-7380-4CAD-875F-965ADB0DB1E3}.Debug|Any CPU.Build.0 = Debug|Any CPU
		{30C7FA5C-7380-4CAD-875F-965ADB0DB1E3}.Release|Any CPU.ActiveCfg = Release|Any CPU
		{30C7FA5C-7380-4CAD-875F-965ADB0DB1E3}.Release|Any CPU.Build.0 = Release|Any CPU
		{61E3424E-A9E7-4295-9787-7AC32C9D389B}.Debug|Any CPU.ActiveCfg = Debug|Any CPU
		{61E3424E-A9E7-4295-9787-7AC32C9D389B}.Debug|Any CPU.Build.0 = Debug|Any CPU
		{61E3424E-A9E7-4295-9787-7AC32C9D389B}.Release|Any CPU.ActiveCfg = Release|Any CPU
		{61E3424E-A9E7-4295-9787-7AC32C9D389B}.Release|Any CPU.Build.0 = Release|Any CPU
		{803ECC90-3F5C-4621-9942-E166A4ADAF0B}.Debug|Any CPU.ActiveCfg = Debug|Any CPU
		{803ECC90-3F5C-4621-9942-E166A4ADAF0B}.Debug|Any CPU.Build.0 = Debug|Any CPU
		{803ECC90-3F5C-4621-9942-E166A4ADAF0B}.Release|Any CPU.ActiveCfg = Release|Any CPU
		{803ECC90-3F5C-4621-9942-E166A4ADAF0B}.Release|Any CPU.Build.0 = Release|Any CPU
		{284D0294-7F19-4DF7-A880-66B10D8410CF}.Debug|Any CPU.ActiveCfg = Debug|Any CPU
		{284D0294-7F19-4DF7-A880-66B10D8410CF}.Debug|Any CPU.Build.0 = Debug|Any CPU
		{284D0294-7F19-4DF7-A880-66B10D8410CF}.Release|Any CPU.ActiveCfg = Release|Any CPU
		{284D0294-7F19-4DF7-A880-66B10D8410CF}.Release|Any CPU.Build.0 = Release|Any CPU
		{97928F81-735E-4450-846F-1857BEFDA742}.Debug|Any CPU.ActiveCfg = Debug|Any CPU
		{97928F81-735E-4450-846F-1857BEFDA742}.Debug|Any CPU.Build.0 = Debug|Any CPU
		{97928F81-735E-4450-846F-1857BEFDA742}.Release|Any CPU.ActiveCfg = Release|Any CPU
		{97928F81-735E-4450-846F-1857BEFDA742}.Release|Any CPU.Build.0 = Release|Any CPU
		{120568E0-2FEF-422B-91B3-F1C8257307EB}.Debug|Any CPU.ActiveCfg = Debug|Any CPU
		{120568E0-2FEF-422B-91B3-F1C8257307EB}.Debug|Any CPU.Build.0 = Debug|Any CPU
		{120568E0-2FEF-422B-91B3-F1C8257307EB}.Release|Any CPU.ActiveCfg = Release|Any CPU
		{120568E0-2FEF-422B-91B3-F1C8257307EB}.Release|Any CPU.Build.0 = Release|Any CPU
		{B9EFFB25-884A-4A42-91B7-E25E974C021F}.Debug|Any CPU.ActiveCfg = Debug|Any CPU
		{B9EFFB25-884A-4A42-91B7-E25E974C021F}.Debug|Any CPU.Build.0 = Debug|Any CPU
		{B9EFFB25-884A-4A42-91B7-E25E974C021F}.Release|Any CPU.ActiveCfg = Release|Any CPU
		{B9EFFB25-884A-4A42-91B7-E25E974C021F}.Release|Any CPU.Build.0 = Release|Any CPU
		{C6693B6B-F0B4-45F3-BF56-50F63258E291}.Debug|Any CPU.ActiveCfg = Debug|Any CPU
		{C6693B6B-F0B4-45F3-BF56-50F63258E291}.Debug|Any CPU.Build.0 = Debug|Any CPU
		{C6693B6B-F0B4-45F3-BF56-50F63258E291}.Release|Any CPU.ActiveCfg = Release|Any CPU
		{C6693B6B-F0B4-45F3-BF56-50F63258E291}.Release|Any CPU.Build.0 = Release|Any CPU
		{27F83AA0-DA1D-4C5C-8921-4E8493620F1C}.Debug|Any CPU.ActiveCfg = Debug|Any CPU
		{27F83AA0-DA1D-4C5C-8921-4E8493620F1C}.Debug|Any CPU.Build.0 = Debug|Any CPU
		{27F83AA0-DA1D-4C5C-8921-4E8493620F1C}.Release|Any CPU.ActiveCfg = Release|Any CPU
		{27F83AA0-DA1D-4C5C-8921-4E8493620F1C}.Release|Any CPU.Build.0 = Release|Any CPU
		{FED63134-DDC7-409B-93A4-FB71449FA25E}.Debug|Any CPU.ActiveCfg = Debug|Any CPU
		{FED63134-DDC7-409B-93A4-FB71449FA25E}.Debug|Any CPU.Build.0 = Debug|Any CPU
		{FED63134-DDC7-409B-93A4-FB71449FA25E}.Release|Any CPU.ActiveCfg = Release|Any CPU
		{FED63134-DDC7-409B-93A4-FB71449FA25E}.Release|Any CPU.Build.0 = Release|Any CPU
		{563B5750-DBF0-46D1-82BB-EB8E75963CA9}.Debug|Any CPU.ActiveCfg = Debug|Any CPU
		{563B5750-DBF0-46D1-82BB-EB8E75963CA9}.Debug|Any CPU.Build.0 = Debug|Any CPU
		{563B5750-DBF0-46D1-82BB-EB8E75963CA9}.Release|Any CPU.ActiveCfg = Release|Any CPU
		{563B5750-DBF0-46D1-82BB-EB8E75963CA9}.Release|Any CPU.Build.0 = Release|Any CPU
		{F5C40E6A-6816-4D57-84E4-495984B4E9A6}.Debug|Any CPU.ActiveCfg = Debug|Any CPU
		{F5C40E6A-6816-4D57-84E4-495984B4E9A6}.Debug|Any CPU.Build.0 = Debug|Any CPU
		{F5C40E6A-6816-4D57-84E4-495984B4E9A6}.Release|Any CPU.ActiveCfg = Release|Any CPU
		{F5C40E6A-6816-4D57-84E4-495984B4E9A6}.Release|Any CPU.Build.0 = Release|Any CPU
		{5D5571B9-FCB5-4A28-97BE-A3E4266FFDC1}.Debug|Any CPU.ActiveCfg = Debug|Any CPU
		{5D5571B9-FCB5-4A28-97BE-A3E4266FFDC1}.Debug|Any CPU.Build.0 = Debug|Any CPU
		{5D5571B9-FCB5-4A28-97BE-A3E4266FFDC1}.Release|Any CPU.ActiveCfg = Release|Any CPU
		{5D5571B9-FCB5-4A28-97BE-A3E4266FFDC1}.Release|Any CPU.Build.0 = Release|Any CPU
		{5737503A-8106-44D9-8BF5-641371CBEBE9}.Debug|Any CPU.ActiveCfg = Debug|Any CPU
		{5737503A-8106-44D9-8BF5-641371CBEBE9}.Debug|Any CPU.Build.0 = Debug|Any CPU
		{5737503A-8106-44D9-8BF5-641371CBEBE9}.Release|Any CPU.ActiveCfg = Release|Any CPU
		{5737503A-8106-44D9-8BF5-641371CBEBE9}.Release|Any CPU.Build.0 = Release|Any CPU
		{981E39BF-2DBF-4B2B-A51C-D3077D08610F}.Debug|Any CPU.ActiveCfg = Debug|Any CPU
		{981E39BF-2DBF-4B2B-A51C-D3077D08610F}.Debug|Any CPU.Build.0 = Debug|Any CPU
		{981E39BF-2DBF-4B2B-A51C-D3077D08610F}.Release|Any CPU.ActiveCfg = Release|Any CPU
		{981E39BF-2DBF-4B2B-A51C-D3077D08610F}.Release|Any CPU.Build.0 = Release|Any CPU
		{AB261E10-10C3-4A9C-BFD1-11EA8A963935}.Debug|Any CPU.ActiveCfg = Debug|Any CPU
		{AB261E10-10C3-4A9C-BFD1-11EA8A963935}.Debug|Any CPU.Build.0 = Debug|Any CPU
		{AB261E10-10C3-4A9C-BFD1-11EA8A963935}.Release|Any CPU.ActiveCfg = Release|Any CPU
		{AB261E10-10C3-4A9C-BFD1-11EA8A963935}.Release|Any CPU.Build.0 = Release|Any CPU
		{C19CB974-8778-428E-832F-BF08ABB96BDD}.Debug|Any CPU.ActiveCfg = Debug|Any CPU
		{C19CB974-8778-428E-832F-BF08ABB96BDD}.Debug|Any CPU.Build.0 = Debug|Any CPU
		{C19CB974-8778-428E-832F-BF08ABB96BDD}.Release|Any CPU.ActiveCfg = Release|Any CPU
		{C19CB974-8778-428E-832F-BF08ABB96BDD}.Release|Any CPU.Build.0 = Release|Any CPU
		{55494657-E3E2-456D-A145-45E1CCC20750}.Debug|Any CPU.ActiveCfg = Debug|Any CPU
		{55494657-E3E2-456D-A145-45E1CCC20750}.Debug|Any CPU.Build.0 = Debug|Any CPU
		{55494657-E3E2-456D-A145-45E1CCC20750}.Release|Any CPU.ActiveCfg = Release|Any CPU
		{55494657-E3E2-456D-A145-45E1CCC20750}.Release|Any CPU.Build.0 = Release|Any CPU
		{D4378AD0-F38E-4D59-BFEF-470E7DD68703}.Debug|Any CPU.ActiveCfg = Debug|Any CPU
		{D4378AD0-F38E-4D59-BFEF-470E7DD68703}.Debug|Any CPU.Build.0 = Debug|Any CPU
		{D4378AD0-F38E-4D59-BFEF-470E7DD68703}.Release|Any CPU.ActiveCfg = Release|Any CPU
		{D4378AD0-F38E-4D59-BFEF-470E7DD68703}.Release|Any CPU.Build.0 = Release|Any CPU
		{0BF83B3F-A284-40D3-88DC-87031755B185}.Debug|Any CPU.ActiveCfg = Debug|Any CPU
		{0BF83B3F-A284-40D3-88DC-87031755B185}.Debug|Any CPU.Build.0 = Debug|Any CPU
		{0BF83B3F-A284-40D3-88DC-87031755B185}.Release|Any CPU.ActiveCfg = Release|Any CPU
		{0BF83B3F-A284-40D3-88DC-87031755B185}.Release|Any CPU.Build.0 = Release|Any CPU
		{BD0A75BB-8D06-4D39-9470-6A21B908BA1D}.Debug|Any CPU.ActiveCfg = Debug|Any CPU
		{BD0A75BB-8D06-4D39-9470-6A21B908BA1D}.Debug|Any CPU.Build.0 = Debug|Any CPU
		{BD0A75BB-8D06-4D39-9470-6A21B908BA1D}.Release|Any CPU.ActiveCfg = Release|Any CPU
		{BD0A75BB-8D06-4D39-9470-6A21B908BA1D}.Release|Any CPU.Build.0 = Release|Any CPU
		{351022FE-4B43-4531-8825-4C7FCB3DF78E}.Debug|Any CPU.ActiveCfg = Debug|Any CPU
		{351022FE-4B43-4531-8825-4C7FCB3DF78E}.Debug|Any CPU.Build.0 = Debug|Any CPU
		{351022FE-4B43-4531-8825-4C7FCB3DF78E}.Release|Any CPU.ActiveCfg = Release|Any CPU
		{351022FE-4B43-4531-8825-4C7FCB3DF78E}.Release|Any CPU.Build.0 = Release|Any CPU
		{1E6E4600-78E7-4688-AD38-B12FCFDC59F4}.Debug|Any CPU.ActiveCfg = Debug|Any CPU
		{1E6E4600-78E7-4688-AD38-B12FCFDC59F4}.Debug|Any CPU.Build.0 = Debug|Any CPU
		{1E6E4600-78E7-4688-AD38-B12FCFDC59F4}.Release|Any CPU.ActiveCfg = Release|Any CPU
		{1E6E4600-78E7-4688-AD38-B12FCFDC59F4}.Release|Any CPU.Build.0 = Release|Any CPU
		{4021C903-B26A-4E31-9406-04EF089C8C92}.Debug|Any CPU.ActiveCfg = Debug|Any CPU
		{4021C903-B26A-4E31-9406-04EF089C8C92}.Debug|Any CPU.Build.0 = Debug|Any CPU
		{4021C903-B26A-4E31-9406-04EF089C8C92}.Release|Any CPU.ActiveCfg = Release|Any CPU
		{4021C903-B26A-4E31-9406-04EF089C8C92}.Release|Any CPU.Build.0 = Release|Any CPU
		{19E8B5AB-7105-4CA3-82B3-1810F77419DD}.Debug|Any CPU.ActiveCfg = Debug|Any CPU
		{19E8B5AB-7105-4CA3-82B3-1810F77419DD}.Debug|Any CPU.Build.0 = Debug|Any CPU
		{19E8B5AB-7105-4CA3-82B3-1810F77419DD}.Release|Any CPU.ActiveCfg = Release|Any CPU
		{19E8B5AB-7105-4CA3-82B3-1810F77419DD}.Release|Any CPU.Build.0 = Release|Any CPU
		{8BE4AC8A-F84C-4BEB-8B8A-89B8B92F99FF}.Debug|Any CPU.ActiveCfg = Debug|Any CPU
		{8BE4AC8A-F84C-4BEB-8B8A-89B8B92F99FF}.Debug|Any CPU.Build.0 = Debug|Any CPU
		{8BE4AC8A-F84C-4BEB-8B8A-89B8B92F99FF}.Release|Any CPU.ActiveCfg = Release|Any CPU
		{8BE4AC8A-F84C-4BEB-8B8A-89B8B92F99FF}.Release|Any CPU.Build.0 = Release|Any CPU
		{921ED67F-26E7-4260-A621-5B8929AA8593}.Debug|Any CPU.ActiveCfg = Debug|Any CPU
		{921ED67F-26E7-4260-A621-5B8929AA8593}.Debug|Any CPU.Build.0 = Debug|Any CPU
		{921ED67F-26E7-4260-A621-5B8929AA8593}.Release|Any CPU.ActiveCfg = Release|Any CPU
		{921ED67F-26E7-4260-A621-5B8929AA8593}.Release|Any CPU.Build.0 = Release|Any CPU
		{2A5C4C1C-AFBE-44CB-93BC-7DE4DBDA378B}.Debug|Any CPU.ActiveCfg = Debug|Any CPU
		{2A5C4C1C-AFBE-44CB-93BC-7DE4DBDA378B}.Debug|Any CPU.Build.0 = Debug|Any CPU
		{2A5C4C1C-AFBE-44CB-93BC-7DE4DBDA378B}.Release|Any CPU.ActiveCfg = Release|Any CPU
		{2A5C4C1C-AFBE-44CB-93BC-7DE4DBDA378B}.Release|Any CPU.Build.0 = Release|Any CPU
	EndGlobalSection
	GlobalSection(SolutionProperties) = preSolution
		HideSolutionNode = FALSE
	EndGlobalSection
	GlobalSection(ExtensibilityGlobals) = postSolution
		SolutionGuid = {7D8A6CAB-BE65-45AE-8FFC-D5412FC855EB}
	EndGlobalSection
EndGlobal
